{
  "name": "theseus-deploy",
  "lockfileVersion": 3,
  "requires": true,
  "packages": {
    "": {
      "name": "theseus-deploy",
      "dependencies": {
        "@urbit/nockjs": "^1.4.0"
      }
    },
    "node_modules/@urbit/nockjs": {
      "version": "1.6.0",
      "resolved": "https://registry.npmjs.org/@urbit/nockjs/-/nockjs-1.6.0.tgz",
      "integrity": "sha512-f2xCIxoYQh+bp/p6qztvgxnhGsnUwcrSSvW2CUKX7BPPVkDNppQCzCVPWo38TbqgChE7wh6rC1pm6YNCOyFlQA==",
      "license": "MIT"
    }
  }
}
